
Microsoft Visual Studio Solution File, Format Version 12.00
# Visual Studio Version 17
VisualStudioVersion = 17.0.31903.59
MinimumVisualStudioVersion = 10.0.40219.1
Project("{2150E333-8FDC-42A3-9474-1A3956D46DE8}") = "src", "src", "{F349DB88-15FD-4A73-895D-CFDD82AE0F0F}"
EndProject
Project("{9A19103F-16F7-4668-BE54-9A1E7A4F7556}") = "Mediporta.Api", "src\Mediporta.Api\Mediporta.Api.csproj", "{A9C169BB-AB1F-4BB9-84D8-C8146A48EAB8}"
EndProject
Project("{2150E333-8FDC-42A3-9474-1A3956D46DE8}") = "docs", "docs", "{659C4FD0-6644-4740-8E98-A69DDB7B1DE5}"
EndProject
Project("{2150E333-8FDC-42A3-9474-1A3956D46DE8}") = "api", "api", "{8D80ADBB-6C31-4BDE-B8AB-87F12BA7ADE6}"
	ProjectSection(SolutionItems) = preProject
		openapi.yaml = openapi.yaml
	EndProjectSection
EndProject
Project("{2150E333-8FDC-42A3-9474-1A3956D46DE8}") = "tests", "tests", "{EFCC4BAE-E0F2-4BBE-9E30-1864F26E7A7C}"
EndProject
Project("{FAE04EC0-301F-11D3-BF4B-00C04F79EFBC}") = "Mediporta.Tests", "Mediporta.Tests\Mediporta.Tests.csproj", "{7931E69D-E9BB-415E-AE95-1B52CC023046}"
EndProject
Global
	GlobalSection(SolutionConfigurationPlatforms) = preSolution
		Debug|Any CPU = Debug|Any CPU
		Release|Any CPU = Release|Any CPU
	EndGlobalSection
	GlobalSection(ProjectConfigurationPlatforms) = postSolution
		{A9C169BB-AB1F-4BB9-84D8-C8146A48EAB8}.Debug|Any CPU.ActiveCfg = Debug|Any CPU
		{A9C169BB-AB1F-4BB9-84D8-C8146A48EAB8}.Debug|Any CPU.Build.0 = Debug|Any CPU
		{A9C169BB-AB1F-4BB9-84D8-C8146A48EAB8}.Release|Any CPU.ActiveCfg = Release|Any CPU
		{A9C169BB-AB1F-4BB9-84D8-C8146A48EAB8}.Release|Any CPU.Build.0 = Release|Any CPU
		{7931E69D-E9BB-415E-AE95-1B52CC023046}.Debug|Any CPU.ActiveCfg = Debug|Any CPU
		{7931E69D-E9BB-415E-AE95-1B52CC023046}.Debug|Any CPU.Build.0 = Debug|Any CPU
		{7931E69D-E9BB-415E-AE95-1B52CC023046}.Release|Any CPU.ActiveCfg = Release|Any CPU
		{7931E69D-E9BB-415E-AE95-1B52CC023046}.Release|Any CPU.Build.0 = Release|Any CPU
	EndGlobalSection
	GlobalSection(SolutionProperties) = preSolution
		HideSolutionNode = FALSE
	EndGlobalSection
	GlobalSection(NestedProjects) = preSolution
		{A9C169BB-AB1F-4BB9-84D8-C8146A48EAB8} = {F349DB88-15FD-4A73-895D-CFDD82AE0F0F}
		{8D80ADBB-6C31-4BDE-B8AB-87F12BA7ADE6} = {659C4FD0-6644-4740-8E98-A69DDB7B1DE5}
		{7931E69D-E9BB-415E-AE95-1B52CC023046} = {EFCC4BAE-E0F2-4BBE-9E30-1864F26E7A7C}
	EndGlobalSection
	GlobalSection(ExtensibilityGlobals) = postSolution
		SolutionGuid = {DB5F029C-F1B4-41B2-89B6-A0560786CEB1}
	EndGlobalSection
EndGlobal
